<?xml version="1.0" encoding="utf-8"?>
<Project ToolsVersion="4.0" xmlns="http://schemas.microsoft.com/developer/msbuild/2003">
  <ItemGroup>
    <Filter Include="src">
      <UniqueIdentifier>{93995380-89BD-4b04-88EB-625FBE52EBFB}</UniqueIdentifier>
      <Extensions>h;hh;hpp;hxx;hm;inl;inc;xsd</Extensions>
    </Filter>
    <Filter Include="src\helpers">
      <UniqueIdentifier>{75793e5f-d97b-44f3-9320-805c78a9156a}</UniqueIdentifier>
    </Filter>
    <Filter Include="src\DirectX11">
      <UniqueIdentifier>{31baaba7-c7a8-47ab-a48b-055989cd7189}</UniqueIdentifier>
    </Filter>
    <Filter Include="src\wrapper">
      <UniqueIdentifier>{20c274e8-7791-4c09-90de-e8053a3ceb9d}</UniqueIdentifier>
    </Filter>
  </ItemGroup>
  <ItemGroup>
    <ClCompile Include="helpers\helpers.cpp">
      <Filter>src\helpers</Filter>
    </ClCompile>
    <ClCompile Include="main.cpp">
      <Filter>src</Filter>
    </ClCompile>
    <ClCompile Include="DirectX11\Dx11IRenderer.cpp">
      <Filter>src\DirectX11</Filter>
    </ClCompile>
    <ClCompile Include="wrapper\wrapper.cpp">
      <Filter>src\wrapper</Filter>
    </ClCompile>
  </ItemGroup>
  <ItemGroup>
    <ClInclude Include="helpers\helpers.h">
      <Filter>src\helpers</Filter>
    </ClInclude>
    <ClInclude Include="DirectX11\Dx11Renderer.h">
      <Filter>src\DirectX11</Filter>
    </ClInclude>
    <ClInclude Include="defines.h">
      <Filter>src</Filter>
    </ClInclude>
    <ClInclude Include="wrapper\wrapper.h">
      <Filter>src\wrapper</Filter>
    </ClInclude>
  </ItemGroup>
  <ItemGroup>
    <FxCompile Include="VertexShader.hlsl">
      <Filter>src\DirectX11</Filter>
    </FxCompile>
    <FxCompile Include="PixelShader.hlsl">
      <Filter>src\DirectX11</Filter>
    </FxCompile>
  </ItemGroup>
</Project>